
Microsoft Visual Studio Solution File, Format Version 12.00
# Visual Studio Version 17
VisualStudioVersion = 17.13.35806.99
MinimumVisualStudioVersion = 10.0.40219.1
Project("{FAE04EC0-301F-11D3-BF4B-00C04F79EFBC}") = "UwUSharp.Tests", "UwUSharp.Tests\UwUSharp.Tests.csproj", "{332BF8E8-0212-FE10-BEF7-D881C3B482B0}"
EndProject
Project("{FAE04EC0-301F-11D3-BF4B-00C04F79EFBC}") = "UwUSharp", "UwUSharp\UwUSharp.csproj", "{43B55F40-A8F9-79E0-E00C-C35C648C2F48}"
EndProject
Project("{FAE04EC0-301F-11D3-BF4B-00C04F79EFBC}") = "UwUSharp.Bench", "UwUSharp.Bench\UwUSharp.Bench.csproj", "{30332784-157A-4CC1-BEEC-CE6978D2878F}"
EndProject
Global
	GlobalSection(SolutionConfigurationPlatforms) = preSolution
		Debug|Any CPU = Debug|Any CPU
		Release|Any CPU = Release|Any CPU
	EndGlobalSection
	GlobalSection(ProjectConfigurationPlatforms) = postSolution
		{332BF8E8-0212-FE10-BEF7-D881C3B482B0}.Debug|Any CPU.ActiveCfg = Debug|Any CPU
		{332BF8E8-0212-FE10-BEF7-D881C3B482B0}.Debug|Any CPU.Build.0 = Debug|Any CPU
		{332BF8E8-0212-FE10-BEF7-D881C3B482B0}.Release|Any CPU.ActiveCfg = Release|Any CPU
		{332BF8E8-0212-FE10-BEF7-D881C3B482B0}.Release|Any CPU.Build.0 = Release|Any CPU
		{43B55F40-A8F9-79E0-E00C-C35C648C2F48}.Debug|Any CPU.ActiveCfg = Debug|Any CPU
		{43B55F40-A8F9-79E0-E00C-C35C648C2F48}.Debug|Any CPU.Build.0 = Debug|Any CPU
		{43B55F40-A8F9-79E0-E00C-C35C648C2F48}.Release|Any CPU.ActiveCfg = Release|Any CPU
		{43B55F40-A8F9-79E0-E00C-C35C648C2F48}.Release|Any CPU.Build.0 = Release|Any CPU
		{30332784-157A-4CC1-BEEC-CE6978D2878F}.Debug|Any CPU.ActiveCfg = Debug|Any CPU
		{30332784-157A-4CC1-BEEC-CE6978D2878F}.Debug|Any CPU.Build.0 = Debug|Any CPU
		{30332784-157A-4CC1-BEEC-CE6978D2878F}.Release|Any CPU.ActiveCfg = Release|Any CPU
		{30332784-157A-4CC1-BEEC-CE6978D2878F}.Release|Any CPU.Build.0 = Release|Any CPU
	EndGlobalSection
	GlobalSection(SolutionProperties) = preSolution
		HideSolutionNode = FALSE
	EndGlobalSection
	GlobalSection(ExtensibilityGlobals) = postSolution
		SolutionGuid = {CA30AC1C-D485-4C1A-AD47-858B95091F6A}
	EndGlobalSection
EndGlobal
